
Microsoft Visual Studio Solution File, Format Version 12.00
# Visual Studio 2013
VisualStudioVersion = 12.0.30723.0
MinimumVisualStudioVersion = 10.0.40219.1
Project("{FAE04EC0-301F-11D3-BF4B-00C04F79EFBC}") = "MvcPrimer", "MvcPrimer\MvcPrimer.csproj", "{2C510868-746B-4214-96ED-5F7AB1096624}"
EndProject
Project("{FAE04EC0-301F-11D3-BF4B-00C04F79EFBC}") = "MvcPrimer.Tests", "MvcPrimer.Tests\MvcPrimer.Tests.csproj", "{91E2266F-ACF2-4EDE-964D-09CCE97A40A2}"
EndProject
Global
	GlobalSection(SolutionConfigurationPlatforms) = preSolution
		Debug|Any CPU = Debug|Any CPU
		Release|Any CPU = Release|Any CPU
	EndGlobalSection
	GlobalSection(ProjectConfigurationPlatforms) = postSolution
		{2C510868-746B-4214-96ED-5F7AB1096624}.Debug|Any CPU.ActiveCfg = Debug|Any CPU
		{2C510868-746B-4214-96ED-5F7AB1096624}.Debug|Any CPU.Build.0 = Debug|Any CPU
		{2C510868-746B-4214-96ED-5F7AB1096624}.Release|Any CPU.ActiveCfg = Release|Any CPU
		{2C510868-746B-4214-96ED-5F7AB1096624}.Release|Any CPU.Build.0 = Release|Any CPU
		{91E2266F-ACF2-4EDE-964D-09CCE97A40A2}.Debug|Any CPU.ActiveCfg = Debug|Any CPU
		{91E2266F-ACF2-4EDE-964D-09CCE97A40A2}.Debug|Any CPU.Build.0 = Debug|Any CPU
		{91E2266F-ACF2-4EDE-964D-09CCE97A40A2}.Release|Any CPU.ActiveCfg = Release|Any CPU
		{91E2266F-ACF2-4EDE-964D-09CCE97A40A2}.Release|Any CPU.Build.0 = Release|Any CPU
	EndGlobalSection
	GlobalSection(SolutionProperties) = preSolution
		HideSolutionNode = FALSE
	EndGlobalSection
EndGlobal
